
Microsoft Visual Studio Solution File, Format Version 12.00
# Visual Studio 2013
VisualStudioVersion = 12.0.30723.0
MinimumVisualStudioVersion = 10.0.40219.1
Project("{2150E333-8FDC-42A3-9474-1A3956D46DE8}") = "root", "root", "{B03E70EA-5752-401D-8A95-4F7D8F339C0C}"
	ProjectSection(SolutionItems) = preProject
		build.cmd = build.cmd
		build.sh = build.sh
		global.json = global.json
		LICENSE.md = LICENSE.md
		makefile.shade = makefile.shade
		NuGet.Config = NuGet.Config
		README.md = README.md
	EndProjectSection
EndProject
Project("{2150E333-8FDC-42A3-9474-1A3956D46DE8}") = "src", "src", "{2ACF51BA-A5DB-47B0-B9AE-D4C8E98408C8}"
EndProject
Project("{2150E333-8FDC-42A3-9474-1A3956D46DE8}") = "test", "test", "{7DC6B534-E0A5-4330-AF5C-C8FB8A5BADFD}"
EndProject
Project("{FAE04EC0-301F-11D3-BF4B-00C04F79EFBC}") = "E5R.Software.Artisan", "src\E5R.Software.Artisan\E5R.Software.Artisan.csproj", "{9120B018-602B-4FBE-BB9D-4EA1F256E735}"
EndProject
Project("{2150E333-8FDC-42A3-9474-1A3956D46DE8}") = "Shared", "Shared", "{DF450E7D-4C30-4CF3-8B89-C063BCB1AC41}"
EndProject
Project("{FAE04EC0-301F-11D3-BF4B-00C04F79EFBC}") = "E5R.Software.Artisan.Data.Model", "src\E5R.Software.Artisan.Data.Model\E5R.Software.Artisan.Data.Model.csproj", "{E64CCEDE-D1C7-47E3-8A98-649E0C2A80EE}"
EndProject
Project("{FAE04EC0-301F-11D3-BF4B-00C04F79EFBC}") = "E5R.Software.Artisan.Data.View", "src\E5R.Software.Artisan.Data.View\E5R.Software.Artisan.Data.View.csproj", "{5B415CB6-073E-442C-9D1B-15292C83E0C6}"
EndProject
Project("{FAE04EC0-301F-11D3-BF4B-00C04F79EFBC}") = "E5R.Software.Artisan.Data.Store", "src\E5R.Software.Artisan.Data.Store\E5R.Software.Artisan.Data.Store.csproj", "{A24735E7-FA87-47AF-9AD8-4A330FDA1095}"
EndProject
Global
	GlobalSection(SolutionConfigurationPlatforms) = preSolution
		Debug|Any CPU = Debug|Any CPU
		Release|Any CPU = Release|Any CPU
	EndGlobalSection
	GlobalSection(ProjectConfigurationPlatforms) = postSolution
		{9120B018-602B-4FBE-BB9D-4EA1F256E735}.Debug|Any CPU.ActiveCfg = Debug|Any CPU
		{9120B018-602B-4FBE-BB9D-4EA1F256E735}.Debug|Any CPU.Build.0 = Debug|Any CPU
		{9120B018-602B-4FBE-BB9D-4EA1F256E735}.Release|Any CPU.ActiveCfg = Release|Any CPU
		{9120B018-602B-4FBE-BB9D-4EA1F256E735}.Release|Any CPU.Build.0 = Release|Any CPU
		{E64CCEDE-D1C7-47E3-8A98-649E0C2A80EE}.Debug|Any CPU.ActiveCfg = Debug|Any CPU
		{E64CCEDE-D1C7-47E3-8A98-649E0C2A80EE}.Debug|Any CPU.Build.0 = Debug|Any CPU
		{E64CCEDE-D1C7-47E3-8A98-649E0C2A80EE}.Release|Any CPU.ActiveCfg = Release|Any CPU
		{E64CCEDE-D1C7-47E3-8A98-649E0C2A80EE}.Release|Any CPU.Build.0 = Release|Any CPU
		{5B415CB6-073E-442C-9D1B-15292C83E0C6}.Debug|Any CPU.ActiveCfg = Debug|Any CPU
		{5B415CB6-073E-442C-9D1B-15292C83E0C6}.Debug|Any CPU.Build.0 = Debug|Any CPU
		{5B415CB6-073E-442C-9D1B-15292C83E0C6}.Release|Any CPU.ActiveCfg = Release|Any CPU
		{5B415CB6-073E-442C-9D1B-15292C83E0C6}.Release|Any CPU.Build.0 = Release|Any CPU
		{A24735E7-FA87-47AF-9AD8-4A330FDA1095}.Debug|Any CPU.ActiveCfg = Debug|Any CPU
		{A24735E7-FA87-47AF-9AD8-4A330FDA1095}.Debug|Any CPU.Build.0 = Debug|Any CPU
		{A24735E7-FA87-47AF-9AD8-4A330FDA1095}.Release|Any CPU.ActiveCfg = Release|Any CPU
		{A24735E7-FA87-47AF-9AD8-4A330FDA1095}.Release|Any CPU.Build.0 = Release|Any CPU
	EndGlobalSection
	GlobalSection(SolutionProperties) = preSolution
		HideSolutionNode = FALSE
	EndGlobalSection
	GlobalSection(NestedProjects) = preSolution
		{9120B018-602B-4FBE-BB9D-4EA1F256E735} = {2ACF51BA-A5DB-47B0-B9AE-D4C8E98408C8}
		{DF450E7D-4C30-4CF3-8B89-C063BCB1AC41} = {2ACF51BA-A5DB-47B0-B9AE-D4C8E98408C8}
		{E64CCEDE-D1C7-47E3-8A98-649E0C2A80EE} = {2ACF51BA-A5DB-47B0-B9AE-D4C8E98408C8}
		{5B415CB6-073E-442C-9D1B-15292C83E0C6} = {2ACF51BA-A5DB-47B0-B9AE-D4C8E98408C8}
		{A24735E7-FA87-47AF-9AD8-4A330FDA1095} = {2ACF51BA-A5DB-47B0-B9AE-D4C8E98408C8}
	EndGlobalSection
EndGlobal
